// !$*UTF8*$!
{
	archiveVersion = 1;
	classes = {
	};
	objectVersion = 46;
	objects = {

/* Begin PBXBuildFile section */
		9B60E26C1F7BFB4B00EA6D27 /* AppDelegate.swift in Sources */ = {isa = PBXBuildFile; fileRef = 9B60E26B1F7BFB4B00EA6D27 /* AppDelegate.swift */; };
		9B60E26E1F7BFB4B00EA6D27 /* ViewController.swift in Sources */ = {isa = PBXBuildFile; fileRef = 9B60E26D1F7BFB4B00EA6D27 /* ViewController.swift */; };
		9B60E2711F7BFB4B00EA6D27 /* Main.storyboard in Resources */ = {isa = PBXBuildFile; fileRef = 9B60E26F1F7BFB4B00EA6D27 /* Main.storyboard */; };
		9B60E2731F7BFB4B00EA6D27 /* Assets.xcassets in Resources */ = {isa = PBXBuildFile; fileRef = 9B60E2721F7BFB4B00EA6D27 /* Assets.xcassets */; };
		9B60E2761F7BFB4B00EA6D27 /* LaunchScreen.storyboard in Resources */ = {isa = PBXBuildFile; fileRef = 9B60E2741F7BFB4B00EA6D27 /* LaunchScreen.storyboard */; };
		9B60E2831F7BFCB600EA6D27 /* front.png in Resources */ = {isa = PBXBuildFile; fileRef = 9B60E27E1F7BFCB600EA6D27 /* front.png */; };
		9B60E2841F7BFCB600EA6D27 /* burro.png in Resources */ = {isa = PBXBuildFile; fileRef = 9B60E27F1F7BFCB600EA6D27 /* burro.png */; };
		9B60E2851F7BFCB600EA6D27 /* camelo.png in Resources */ = {isa = PBXBuildFile; fileRef = 9B60E2801F7BFCB600EA6D27 /* camelo.png */; };
		9B60E2861F7BFCB600EA6D27 /* gato.png in Resources */ = {isa = PBXBuildFile; fileRef = 9B60E2811F7BFCB600EA6D27 /* gato.png */; };
		9B60E2871F7BFCB600EA6D27 /* porco.png in Resources */ = {isa = PBXBuildFile; fileRef = 9B60E2821F7BFCB600EA6D27 /* porco.png */; };
		9B60E28A1F7BFCD600EA6D27 /* touro.png in Resources */ = {isa = PBXBuildFile; fileRef = 9B60E2881F7BFCD600EA6D27 /* touro.png */; };
		9B60E28B1F7BFCD600EA6D27 /* vaca.png in Resources */ = {isa = PBXBuildFile; fileRef = 9B60E2891F7BFCD600EA6D27 /* vaca.png */; };
/* End PBXBuildFile section */

/* Begin PBXFileReference section */
		9B60E2681F7BFB4B00EA6D27 /* machGame.app */ = {isa = PBXFileReference; explicitFileType = wrapper.application; includeInIndex = 0; path = machGame.app; sourceTree = BUILT_PRODUCTS_DIR; };
		9B60E26B1F7BFB4B00EA6D27 /* AppDelegate.swift */ = {isa = PBXFileReference; lastKnownFileType = sourcecode.swift; path = AppDelegate.swift; sourceTree = "<group>"; };
		9B60E26D1F7BFB4B00EA6D27 /* ViewController.swift */ = {isa = PBXFileReference; lastKnownFileType = sourcecode.swift; path = ViewController.swift; sourceTree = "<group>"; };
		9B60E2701F7BFB4B00EA6D27 /* Base */ = {isa = PBXFileReference; lastKnownFileType = file.storyboard; name = Base; path = Base.lproj/Main.storyboard; sourceTree = "<group>"; };
		9B60E2721F7BFB4B00EA6D27 /* Assets.xcassets */ = {isa = PBXFileReference; lastKnownFileType = folder.assetcatalog; path = Assets.xcassets; sourceTree = "<group>"; };
		9B60E2751F7BFB4B00EA6D27 /* Base */ = {isa = PBXFileReference; lastKnownFileType = file.storyboard; name = Base; path = Base.lproj/LaunchScreen.storyboard; sourceTree = "<group>"; };
		9B60E2771F7BFB4B00EA6D27 /* Info.plist */ = {isa = PBXFileReference; lastKnownFileType = text.plist.xml; path = Info.plist; sourceTree = "<group>"; };
		9B60E27E1F7BFCB600EA6D27 /* front.png */ = {isa = PBXFileReference; lastKnownFileType = image.png; path = front.png; sourceTree = "<group>"; };
		9B60E27F1F7BFCB600EA6D27 /* burro.png */ = {isa = PBXFileReference; lastKnownFileType = image.png; path = burro.png; sourceTree = "<group>"; };
		9B60E2801F7BFCB600EA6D27 /* camelo.png */ = {isa = PBXFileReference; lastKnownFileType = image.png; path = camelo.png; sourceTree = "<group>"; };
		9B60E2811F7BFCB600EA6D27 /* gato.png */ = {isa = PBXFileReference; lastKnownFileType = image.png; path = gato.png; sourceTree = "<group>"; };
		9B60E2821F7BFCB600EA6D27 /* porco.png */ = {isa = PBXFileReference; lastKnownFileType = image.png; path = porco.png; sourceTree = "<group>"; };
		9B60E2881F7BFCD600EA6D27 /* touro.png */ = {isa = PBXFileReference; lastKnownFileType = image.png; path = touro.png; sourceTree = "<group>"; };
		9B60E2891F7BFCD600EA6D27 /* vaca.png */ = {isa = PBXFileReference; lastKnownFileType = image.png; path = vaca.png; sourceTree = "<group>"; };
/* End PBXFileReference section */

/* Begin PBXFrameworksBuildPhase section */
		9B60E2651F7BFB4B00EA6D27 /* Frameworks */ = {
			isa = PBXFrameworksBuildPhase;
			buildActionMask = 2147483647;
			files = (
			);
			runOnlyForDeploymentPostprocessing = 0;
		};
/* End PBXFrameworksBuildPhase section */

/* Begin PBXGroup section */
		9B60E25F1F7BFB4B00EA6D27 = {
			isa = PBXGroup;
			children = (
				9B60E26A1F7BFB4B00EA6D27 /* machGame */,
				9B60E2691F7BFB4B00EA6D27 /* Products */,
			);
			sourceTree = "<group>";
		};
		9B60E2691F7BFB4B00EA6D27 /* Products */ = {
			isa = PBXGroup;
			children = (
				9B60E2681F7BFB4B00EA6D27 /* machGame.app */,
			);
			name = Products;
			sourceTree = "<group>";
		};
		9B60E26A1F7BFB4B00EA6D27 /* machGame */ = {
			isa = PBXGroup;
			children = (
				9B60E27D1F7BFC8000EA6D27 /* images */,
				9B60E26B1F7BFB4B00EA6D27 /* AppDelegate.swift */,
				9B60E26D1F7BFB4B00EA6D27 /* ViewController.swift */,
				9B60E26F1F7BFB4B00EA6D27 /* Main.storyboard */,
				9B60E2721F7BFB4B00EA6D27 /* Assets.xcassets */,
				9B60E2741F7BFB4B00EA6D27 /* LaunchScreen.storyboard */,
				9B60E2771F7BFB4B00EA6D27 /* Info.plist */,
			);
			path = machGame;
			sourceTree = "<group>";
		};
		9B60E27D1F7BFC8000EA6D27 /* images */ = {
			isa = PBXGroup;
			children = (
				9B60E2881F7BFCD600EA6D27 /* touro.png */,
				9B60E2891F7BFCD600EA6D27 /* vaca.png */,
				9B60E27E1F7BFCB600EA6D27 /* front.png */,
				9B60E27F1F7BFCB600EA6D27 /* burro.png */,
				9B60E2801F7BFCB600EA6D27 /* camelo.png */,
				9B60E2811F7BFCB600EA6D27 /* gato.png */,
				9B60E2821F7BFCB600EA6D27 /* porco.png */,
			);
			name = images;
			sourceTree = "<group>";
		};
/* End PBXGroup section */

/* Begin PBXNativeTarget section */
		9B60E2671F7BFB4B00EA6D27 /* machGame */ = {
			isa = PBXNativeTarget;
			buildConfigurationList = 9B60E27A1F7BFB4B00EA6D27 /* Build configuration list for PBXNativeTarget "machGame" */;
			buildPhases = (
				9B60E2641F7BFB4B00EA6D27 /* Sources */,
				9B60E2651F7BFB4B00EA6D27 /* Frameworks */,
				9B60E2661F7BFB4B00EA6D27 /* Resources */,
			);
			buildRules = (
			);
			dependencies = (
			);
			name = machGame;
			productName = machGame;
			productReference = 9B60E2681F7BFB4B00EA6D27 /* machGame.app */;
			productType = "com.apple.product-type.application";
		};
/* End PBXNativeTarget section */

/* Begin PBXProject section */
		9B60E2601F7BFB4B00EA6D27 /* Project object */ = {
			isa = PBXProject;
			attributes = {
				LastSwiftUpdateCheck = 0820;
				LastUpgradeCheck = 0820;
				ORGANIZATIONNAME = eleves;
				TargetAttributes = {
					9B60E2671F7BFB4B00EA6D27 = {
						CreatedOnToolsVersion = 8.2;
						ProvisioningStyle = Automatic;
					};
				};
			};
			buildConfigurationList = 9B60E2631F7BFB4B00EA6D27 /* Build configuration list for PBXProject "machGame" */;
			compatibilityVersion = "Xcode 3.2";
			developmentRegion = English;
			hasScannedForEncodings = 0;
			knownRegions = (
				en,
				Base,
			);
			mainGroup = 9B60E25F1F7BFB4B00EA6D27;
			productRefGroup = 9B60E2691F7BFB4B00EA6D27 /* Products */;
			projectDirPath = "";
			projectRoot = "";
			targets = (
				9B60E2671F7BFB4B00EA6D27 /* machGame */,
			);
		};
/* End PBXProject section */

/* Begin PBXResourcesBuildPhase section */
		9B60E2661F7BFB4B00EA6D27 /* Resources */ = {
			isa = PBXResourcesBuildPhase;
			buildActionMask = 2147483647;
			files = (
				9B60E2831F7BFCB600EA6D27 /* front.png in Resources */,
				9B60E2841F7BFCB600EA6D27 /* burro.png in Resources */,
				9B60E2851F7BFCB600EA6D27 /* camelo.png in Resources */,
				9B60E2761F7BFB4B00EA6D27 /* LaunchScreen.storyboard in Resources */,
				9B60E2861F7BFCB600EA6D27 /* gato.png in Resources */,
				9B60E2731F7BFB4B00EA6D27 /* Assets.xcassets in Resources */,
				9B60E28B1F7BFCD600EA6D27 /* vaca.png in Resources */,
				9B60E2711F7BFB4B00EA6D27 /* Main.storyboard in Resources */,
				9B60E2871F7BFCB600EA6D27 /* porco.png in Resources */,
				9B60E28A1F7BFCD600EA6D27 /* touro.png in Resources */,
			);
			runOnlyForDeploymentPostprocessing = 0;
		};
/* End PBXResourcesBuildPhase section */

/* Begin PBXSourcesBuildPhase section */
		9B60E2641F7BFB4B00EA6D27 /* Sources */ = {
			isa = PBXSourcesBuildPhase;
			buildActionMask = 2147483647;
			files = (
				9B60E26E1F7BFB4B00EA6D27 /* ViewController.swift in Sources */,
				9B60E26C1F7BFB4B00EA6D27 /* AppDelegate.swift in Sources */,
			);
			runOnlyForDeploymentPostprocessing = 0;
		};
/* End PBXSourcesBuildPhase section */

/* Begin PBXVariantGroup section */
		9B60E26F1F7BFB4B00EA6D27 /* Main.storyboard */ = {
			isa = PBXVariantGroup;
			children = (
				9B60E2701F7BFB4B00EA6D27 /* Base */,
			);
			name = Main.storyboard;
			sourceTree = "<group>";
		};
		9B60E2741F7BFB4B00EA6D27 /* LaunchScreen.storyboard */ = {
			isa = PBXVariantGroup;
			children = (
				9B60E2751F7BFB4B00EA6D27 /* Base */,
			);
			name = LaunchScreen.storyboard;
			sourceTree = "<group>";
		};
/* End PBXVariantGroup section */

/* Begin XCBuildConfiguration section */
		9B60E2781F7BFB4B00EA6D27 /* Debug */ = {
			isa = XCBuildConfiguration;
			buildSettings = {
				ALWAYS_SEARCH_USER_PATHS = NO;
				CLANG_ANALYZER_NONNULL = YES;
				CLANG_CXX_LANGUAGE_STANDARD = "gnu++0x";
				CLANG_CXX_LIBRARY = "libc++";
				CLANG_ENABLE_MODULES = YES;
				CLANG_ENABLE_OBJC_ARC = YES;
				CLANG_WARN_BOOL_CONVERSION = YES;
				CLANG_WARN_CONSTANT_CONVERSION = YES;
				CLANG_WARN_DIRECT_OBJC_ISA_USAGE = YES_ERROR;
				CLANG_WARN_DOCUMENTATION_COMMENTS = YES;
				CLANG_WARN_EMPTY_BODY = YES;
				CLANG_WARN_ENUM_CONVERSION = YES;
				CLANG_WARN_INFINITE_RECURSION = YES;
				CLANG_WARN_INT_CONVERSION = YES;
				CLANG_WARN_OBJC_ROOT_CLASS = YES_ERROR;
				CLANG_WARN_SUSPICIOUS_MOVE = YES;
				CLANG_WARN_UNREACHABLE_CODE = YES;
				CLANG_WARN__DUPLICATE_METHOD_MATCH = YES;
				"CODE_SIGN_IDENTITY[sdk=iphoneos*]" = "iPhone Developer";
				COPY_PHASE_STRIP = NO;
				DEBUG_INFORMATION_FORMAT = dwarf;
				ENABLE_STRICT_OBJC_MSGSEND = YES;
				ENABLE_TESTABILITY = YES;
				GCC_C_LANGUAGE_STANDARD = gnu99;
				GCC_DYNAMIC_NO_PIC = NO;
				GCC_NO_COMMON_BLOCKS = YES;
				GCC_OPTIMIZATION_LEVEL = 0;
				GCC_PREPROCESSOR_DEFINITIONS = (
					"DEBUG=1",
					"$(inherited)",
				);
				GCC_WARN_64_TO_32_BIT_CONVERSION = YES;
				GCC_WARN_ABOUT_RETURN_TYPE = YES_ERROR;
				GCC_WARN_UNDECLARED_SELECTOR = YES;
				GCC_WARN_UNINITIALIZED_AUTOS = YES_AGGRESSIVE;
				GCC_WARN_UNUSED_FUNCTION = YES;
				GCC_WARN_UNUSED_VARIABLE = YES;
				IPHONEOS_DEPLOYMENT_TARGET = 10.2;
				MTL_ENABLE_DEBUG_INFO = YES;
				ONLY_ACTIVE_ARCH = YES;
				SDKROOT = iphoneos;
				SWIFT_ACTIVE_COMPILATION_CONDITIONS = DEBUG;
				SWIFT_OPTIMIZATION_LEVEL = "-Onone";
				TARGETED_DEVICE_FAMILY = "1,2";
			};
			name = Debug;
		};
		9B60E2791F7BFB4B00EA6D27 /* Release */ = {
			isa = XCBuildConfiguration;
			buildSettings = {
				ALWAYS_SEARCH_USER_PATHS = NO;
				CLANG_ANALYZER_NONNULL = YES;
				CLANG_CXX_LANGUAGE_STANDARD = "gnu++0x";
				CLANG_CXX_LIBRARY = "libc++";
				CLANG_ENABLE_MODULES = YES;
				CLANG_ENABLE_OBJC_ARC = YES;
				CLANG_WARN_BOOL_CONVERSION = YES;
				CLANG_WARN_CONSTANT_CONVERSION = YES;
				CLANG_WARN_DIRECT_OBJC_ISA_USAGE = YES_ERROR;
				CLANG_WARN_DOCUMENTATION_COMMENTS = YES;
				CLANG_WARN_EMPTY_BODY = YES;
				CLANG_WARN_ENUM_CONVERSION = YES;
				CLANG_WARN_INFINITE_RECURSION = YES;
				CLANG_WARN_INT_CONVERSION = YES;
				CLANG_WARN_OBJC_ROOT_CLASS = YES_ERROR;
				CLANG_WARN_SUSPICIOUS_MOVE = YES;
				CLANG_WARN_UNREACHABLE_CODE = YES;
				CLANG_WARN__DUPLICATE_METHOD_MATCH = YES;
				"CODE_SIGN_IDENTITY[sdk=iphoneos*]" = "iPhone Developer";
				COPY_PHASE_STRIP = NO;
				DEBUG_INFORMATION_FORMAT = "dwarf-with-dsym";
				ENABLE_NS_ASSERTIONS = NO;
				ENABLE_STRICT_OBJC_MSGSEND = YES;
				GCC_C_LANGUAGE_STANDARD = gnu99;
				GCC_NO_COMMON_BLOCKS = YES;
				GCC_WARN_64_TO_32_BIT_CONVERSION = YES;
				GCC_WARN_ABOUT_RETURN_TYPE = YES_ERROR;
				GCC_WARN_UNDECLARED_SELECTOR = YES;
				GCC_WARN_UNINITIALIZED_AUTOS = YES_AGGRESSIVE;
				GCC_WARN_UNUSED_FUNCTION = YES;
				GCC_WARN_UNUSED_VARIABLE = YES;
				IPHONEOS_DEPLOYMENT_TARGET = 10.2;
				MTL_ENABLE_DEBUG_INFO = NO;
				SDKROOT = iphoneos;
				SWIFT_OPTIMIZATION_LEVEL = "-Owholemodule";
				TARGETED_DEVICE_FAMILY = "1,2";
				VALIDATE_PRODUCT = YES;
			};
			name = Release;
		};
		9B60E27B1F7BFB4B00EA6D27 /* Debug */ = {
			isa = XCBuildConfiguration;
			buildSettings = {
				ASSETCATALOG_COMPILER_APPICON_NAME = AppIcon;
				INFOPLIST_FILE = machGame/Info.plist;
				LD_RUNPATH_SEARCH_PATHS = "$(inherited) @executable_path/Frameworks";
				PRODUCT_BUNDLE_IDENTIFIER = com.andrecruz.machGame;
				PRODUCT_NAME = "$(TARGET_NAME)";
				SWIFT_VERSION = 3.0;
				TARGETED_DEVICE_FAMILY = 2;
			};
			name = Debug;
		};
		9B60E27C1F7BFB4B00EA6D27 /* Release */ = {
			isa = XCBuildConfiguration;
			buildSettings = {
				ASSETCATALOG_COMPILER_APPICON_NAME = AppIcon;
				INFOPLIST_FILE = machGame/Info.plist;
				LD_RUNPATH_SEARCH_PATHS = "$(inherited) @executable_path/Frameworks";
				PRODUCT_BUNDLE_IDENTIFIER = com.andrecruz.machGame;
				PRODUCT_NAME = "$(TARGET_NAME)";
				SWIFT_VERSION = 3.0;
				TARGETED_DEVICE_FAMILY = 2;
			};
			name = Release;
		};
/* End XCBuildConfiguration section */

/* Begin XCConfigurationList section */
		9B60E2631F7BFB4B00EA6D27 /* Build configuration list for PBXProject "machGame" */ = {
			isa = XCConfigurationList;
			buildConfigurations = (
				9B60E2781F7BFB4B00EA6D27 /* Debug */,
				9B60E2791F7BFB4B00EA6D27 /* Release */,
			);
			defaultConfigurationIsVisible = 0;
			defaultConfigurationName = Release;
		};
		9B60E27A1F7BFB4B00EA6D27 /* Build configuration list for PBXNativeTarget "machGame" */ = {
			isa = XCConfigurationList;
			buildConfigurations = (
				9B60E27B1F7BFB4B00EA6D27 /* Debug */,
				9B60E27C1F7BFB4B00EA6D27 /* Release */,
			);
			defaultConfigurationIsVisible = 0;
		};
/* End XCConfigurationList section */
	};
	rootObject = 9B60E2601F7BFB4B00EA6D27 /* Project object */;
}
